
Microsoft Visual Studio Solution File, Format Version 12.00
# Visual Studio Version 17
VisualStudioVersion = 17.4.33122.133
MinimumVisualStudioVersion = 10.0.40219.1
Project("{FAE04EC0-301F-11D3-BF4B-00C04F79EFBC}") = "InventoryAPI", "InventoryAPI\InventoryAPI.csproj", "{2396A79D-6AD3-42AF-8BF9-0BFFE4F0D751}"
EndProject
Global
	GlobalSection(SolutionConfigurationPlatforms) = preSolution
		Debug|Any CPU = Debug|Any CPU
		Release|Any CPU = Release|Any CPU
	EndGlobalSection
	GlobalSection(ProjectConfigurationPlatforms) = postSolution
		{2396A79D-6AD3-42AF-8BF9-0BFFE4F0D751}.Debug|Any CPU.ActiveCfg = Debug|Any CPU
		{2396A79D-6AD3-42AF-8BF9-0BFFE4F0D751}.Debug|Any CPU.Build.0 = Debug|Any CPU
		{2396A79D-6AD3-42AF-8BF9-0BFFE4F0D751}.Release|Any CPU.ActiveCfg = Release|Any CPU
		{2396A79D-6AD3-42AF-8BF9-0BFFE4F0D751}.Release|Any CPU.Build.0 = Release|Any CPU
	EndGlobalSection
	GlobalSection(SolutionProperties) = preSolution
		HideSolutionNode = FALSE
	EndGlobalSection
	GlobalSection(ExtensibilityGlobals) = postSolution
		SolutionGuid = {DADC5C43-B056-4582-A747-672D62DF0DF9}
	EndGlobalSection
EndGlobal
